Microsoft Visual Studio Solution File, Format Version 12.00
# Visual Studio Version 17
VisualStudioVersion = 17.5.2.0
MinimumVisualStudioVersion = 10.0.40219.1
Project("{FAE04EC0-301F-11D3-BF4B-00C04F79EFBC}") = "AutoPartsManager", "AutoPartsManager.csproj", "{7C61F8EA-2DD9-5855-F374-EBA619D0C7DA}"
EndProject
Global
	GlobalSection(SolutionConfigurationPlatforms) = preSolution
		Debug|Any CPU = Debug|Any CPU
		Release|Any CPU = Release|Any CPU
	EndGlobalSection
	GlobalSection(ProjectConfigurationPlatforms) = postSolution
		{7C61F8EA-2DD9-5855-F374-EBA619D0C7DA}.Debug|Any CPU.ActiveCfg = Debug|Any CPU
		{7C61F8EA-2DD9-5855-F374-EBA619D0C7DA}.Debug|Any CPU.Build.0 = Debug|Any CPU
		{7C61F8EA-2DD9-5855-F374-EBA619D0C7DA}.Release|Any CPU.ActiveCfg = Release|Any CPU
		{7C61F8EA-2DD9-5855-F374-EBA619D0C7DA}.Release|Any CPU.Build.0 = Release|Any CPU
	EndGlobalSection
	GlobalSection(SolutionProperties) = preSolution
		HideSolutionNode = FALSE
	EndGlobalSection
	GlobalSection(ExtensibilityGlobals) = postSolution
		SolutionGuid = {C032AF98-54ED-4B2C-A20C-F18A00115621}
	EndGlobalSection
EndGlobal
